{
  "name": "commerce",
  "lockfileVersion": 3,
  "requires": true,
  "packages": {
    "": {
      "dependencies": {
        "@feathersjs/feathers": "^5.0.10"
      }
    },
    "node_modules/@feathersjs/commons": {
      "version": "5.0.10",
      "resolved": "https://registry.npmjs.org/@feathersjs/commons/-/commons-5.0.10.tgz",
      "integrity": "sha512-Ld8YNkdHhsO5GLnnm0k0qSH+jW1ZZjVm0c6wKA87EXrXN9RH2IQ0p3kik4vuc/3gJ+cZ23ERflP9P/05icIefA==",
      "engines": {
        "node": ">= 12"
      },
      "funding": {
        "type": "github",
        "url": "https://github.com/sponsors/daffl"
      }
    },
    "node_modules/@feathersjs/feathers": {
      "version": "5.0.10",
      "resolved": "https://registry.npmjs.org/@feathersjs/feathers/-/feathers-5.0.10.tgz",
      "integrity": "sha512-ZLa/fo7dZIzlkNOjvF++x1qIbqykYDTMc3e3JTQmqmXK0RQinnb7RBysvn+0zh8fmS+jYTmpmC4f0Rf5gDwt3Q==",
      "dependencies": {
        "@feathersjs/commons": "^5.0.10",
        "@feathersjs/hooks": "^0.8.1",
        "events": "^3.3.0"
      },
      "engines": {
        "node": ">= 12"
      },
      "funding": {
        "type": "github",
        "url": "https://github.com/sponsors/daffl"
      }
    },
    "node_modules/@feathersjs/hooks": {
      "version": "0.8.1",
      "resolved": "https://registry.npmjs.org/@feathersjs/hooks/-/hooks-0.8.1.tgz",
      "integrity": "sha512-q/OGjm2BEhT9cHYYcMZR4YKX4lHyufBJmi5Dz+XRM5YqUuEg9MYtR45CWgDiC1klrd2srNSsdmGNVU1otL4+0Q==",
      "engines": {
        "node": ">= 14"
      }
    },
    "node_modules/events": {
      "version": "3.3.0",
      "resolved": "https://registry.npmjs.org/events/-/events-3.3.0.tgz",
      "integrity": "sha512-mQw+2fkQbALzQ7V0MY0IqdnXNOeTtP4r0lN9z7AAawCXgqea7bDii20AYrIBrFd/Hx0M2Ocz6S111CaFkUcb0Q==",
      "engines": {
        "node": ">=0.8.x"
      }
    }
  }
}
